
Microsoft Visual Studio Solution File, Format Version 11.00
# Visual Studio 2010
Project("{FAE04EC0-301F-11D3-BF4B-00C04F79EFBC}") = "ReworkArcher", "ReworkArcher.csproj", "{7E3F1C4C-7F76-4224-A85F-18FB4E65415B}"
EndProject
Global
	GlobalSection(SolutionConfigurationPlatforms) = preSolution
		Debug|Any CPU = Debug|Any CPU
		Release|Any CPU = Release|Any CPU
	EndGlobalSection
	GlobalSection(ProjectConfigurationPlatforms) = postSolution
		{7E3F1C4C-7F76-4224-A85F-18FB4E65415B}.Debug|Any CPU.ActiveCfg = Debug|Any CPU
		{7E3F1C4C-7F76-4224-A85F-18FB4E65415B}.Debug|Any CPU.Build.0 = Debug|Any CPU
		{7E3F1C4C-7F76-4224-A85F-18FB4E65415B}.Release|Any CPU.ActiveCfg = Release|Any CPU
		{7E3F1C4C-7F76-4224-A85F-18FB4E65415B}.Release|Any CPU.Build.0 = Release|Any CPU
	EndGlobalSection
	GlobalSection(SolutionProperties) = preSolution
		HideSolutionNode = FALSE
	EndGlobalSection
EndGlobal
